// !$*UTF8*$!
{
	archiveVersion = 1;
	classes = {
	};
	objectVersion = 50;
	objects = {

/* Begin PBXBuildFile section */
		6343FFA023442BA800E9D58D /* SwiftyJSON.framework in Frameworks */ = {isa = PBXBuildFile; fileRef = 6343FF9F23442BA800E9D58D /* SwiftyJSON.framework */; };
		6343FFA123442BA800E9D58D /* SwiftyJSON.framework in Embed Frameworks */ = {isa = PBXBuildFile; fileRef = 6343FF9F23442BA800E9D58D /* SwiftyJSON.framework */; settings = {ATTRIBUTES = (CodeSignOnCopy, RemoveHeadersOnCopy, ); }; };
		6343FFA423442BB300E9D58D /* SDWebImage.framework in Frameworks */ = {isa = PBXBuildFile; fileRef = 6343FFA323442BB300E9D58D /* SDWebImage.framework */; };
		6343FFA523442BB300E9D58D /* SDWebImage.framework in Embed Frameworks */ = {isa = PBXBuildFile; fileRef = 6343FFA323442BB300E9D58D /* SDWebImage.framework */; settings = {ATTRIBUTES = (CodeSignOnCopy, RemoveHeadersOnCopy, ); }; };
		6343FFA92344346100E9D58D /* LoginViewController.swift in Sources */ = {isa = PBXBuildFile; fileRef = 6343FFA82344346100E9D58D /* LoginViewController.swift */; };
		6345A52E233D8EF2008E63D8 /* ListaCollectionViewController.swift in Sources */ = {isa = PBXBuildFile; fileRef = 6345A52D233D8EF2008E63D8 /* ListaCollectionViewController.swift */; };
		6345A530233D9071008E63D8 /* PokemonCollectionViewCell.swift in Sources */ = {isa = PBXBuildFile; fileRef = 6345A52F233D9071008E63D8 /* PokemonCollectionViewCell.swift */; };
		63469BE1234D3CAA00F14A30 /* pokemon.json in Resources */ = {isa = PBXBuildFile; fileRef = 63469BE0234D3CAA00F14A30 /* pokemon.json */; };
		6358DC1423319C0700457D24 /* AppDelegate.swift in Sources */ = {isa = PBXBuildFile; fileRef = 6358DC1323319C0700457D24 /* AppDelegate.swift */; };
		6358DC1623319C0700457D24 /* ViewController.swift in Sources */ = {isa = PBXBuildFile; fileRef = 6358DC1523319C0700457D24 /* ViewController.swift */; };
		6358DC1923319C0700457D24 /* Main.storyboard in Resources */ = {isa = PBXBuildFile; fileRef = 6358DC1723319C0700457D24 /* Main.storyboard */; };
		6358DC1B23319C0A00457D24 /* Assets.xcassets in Resources */ = {isa = PBXBuildFile; fileRef = 6358DC1A23319C0A00457D24 /* Assets.xcassets */; };
		6358DC1E23319C0A00457D24 /* LaunchScreen.storyboard in Resources */ = {isa = PBXBuildFile; fileRef = 6358DC1C23319C0A00457D24 /* LaunchScreen.storyboard */; };
		6358DC2923319C0B00457D24 /* PokedexTests.swift in Sources */ = {isa = PBXBuildFile; fileRef = 6358DC2823319C0B00457D24 /* PokedexTests.swift */; };
		6358DC3423319C0B00457D24 /* PokedexUITests.swift in Sources */ = {isa = PBXBuildFile; fileRef = 6358DC3323319C0B00457D24 /* PokedexUITests.swift */; };
/* End PBXBuildFile section */

/* Begin PBXContainerItemProxy section */
		6358DC2523319C0B00457D24 /* PBXContainerItemProxy */ = {
			isa = PBXContainerItemProxy;
			containerPortal = 6358DC0823319C0700457D24 /* Project object */;
			proxyType = 1;
			remoteGlobalIDString = 6358DC0F23319C0700457D24;
			remoteInfo = Pokedex;
		};
		6358DC3023319C0B00457D24 /* PBXContainerItemProxy */ = {
			isa = PBXContainerItemProxy;
			containerPortal = 6358DC0823319C0700457D24 /* Project object */;
			proxyType = 1;
			remoteGlobalIDString = 6358DC0F23319C0700457D24;
			remoteInfo = Pokedex;
		};
/* End PBXContainerItemProxy section */

/* Begin PBXCopyFilesBuildPhase section */
		6343FFA223442BA800E9D58D /* Embed Frameworks */ = {
			isa = PBXCopyFilesBuildPhase;
			buildActionMask = 2147483647;
			dstPath = "";
			dstSubfolderSpec = 10;
			files = (
				6343FFA523442BB300E9D58D /* SDWebImage.framework in Embed Frameworks */,
				6343FFA123442BA800E9D58D /* SwiftyJSON.framework in Embed Frameworks */,
			);
			name = "Embed Frameworks";
			runOnlyForDeploymentPostprocessing = 0;
		};
/* End PBXCopyFilesBuildPhase section */

/* Begin PBXFileReference section */
		6343FF9F23442BA800E9D58D /* SwiftyJSON.framework */ = {isa = PBXFileReference; lastKnownFileType = wrapper.framework; name = SwiftyJSON.framework; path = Carthage/Build/iOS/SwiftyJSON.framework; sourceTree = "<group>"; };
		6343FFA323442BB300E9D58D /* SDWebImage.framework */ = {isa = PBXFileReference; lastKnownFileType = wrapper.framework; name = SDWebImage.framework; path = Carthage/Build/iOS/SDWebImage.framework; sourceTree = "<group>"; };
		6343FFA82344346100E9D58D /* LoginViewController.swift */ = {isa = PBXFileReference; lastKnownFileType = sourcecode.swift; path = LoginViewController.swift; sourceTree = "<group>"; };
		6345A52D233D8EF2008E63D8 /* ListaCollectionViewController.swift */ = {isa = PBXFileReference; lastKnownFileType = sourcecode.swift; name = ListaCollectionViewController.swift; path = ListaPokemon/ListaCollectionViewController.swift; sourceTree = "<group>"; };
		6345A52F233D9071008E63D8 /* PokemonCollectionViewCell.swift */ = {isa = PBXFileReference; lastKnownFileType = sourcecode.swift; path = PokemonCollectionViewCell.swift; sourceTree = "<group>"; };
		63469BE0234D3CAA00F14A30 /* pokemon.json */ = {isa = PBXFileReference; fileEncoding = 4; lastKnownFileType = text.json; path = pokemon.json; sourceTree = "<group>"; };
		6358DC1023319C0700457D24 /* Pokedex.app */ = {isa = PBXFileReference; explicitFileType = wrapper.application; includeInIndex = 0; path = Pokedex.app; sourceTree = BUILT_PRODUCTS_DIR; };
		6358DC1323319C0700457D24 /* AppDelegate.swift */ = {isa = PBXFileReference; lastKnownFileType = sourcecode.swift; path = AppDelegate.swift; sourceTree = "<group>"; };
		6358DC1523319C0700457D24 /* ViewController.swift */ = {isa = PBXFileReference; lastKnownFileType = sourcecode.swift; path = ViewController.swift; sourceTree = "<group>"; };
		6358DC1823319C0700457D24 /* Base */ = {isa = PBXFileReference; lastKnownFileType = file.storyboard; name = Base; path = Base.lproj/Main.storyboard; sourceTree = "<group>"; };
		6358DC1A23319C0A00457D24 /* Assets.xcassets */ = {isa = PBXFileReference; lastKnownFileType = folder.assetcatalog; path = Assets.xcassets; sourceTree = "<group>"; };
		6358DC1D23319C0A00457D24 /* Base */ = {isa = PBXFileReference; lastKnownFileType = file.storyboard; name = Base; path = Base.lproj/LaunchScreen.storyboard; sourceTree = "<group>"; };
		6358DC1F23319C0A00457D24 /* Info.plist */ = {isa = PBXFileReference; lastKnownFileType = text.plist.xml; path = Info.plist; sourceTree = "<group>"; };
		6358DC2423319C0B00457D24 /* PokedexTests.xctest */ = {isa = PBXFileReference; explicitFileType = wrapper.cfbundle; includeInIndex = 0; path = PokedexTests.xctest; sourceTree = BUILT_PRODUCTS_DIR; };
		6358DC2823319C0B00457D24 /* PokedexTests.swift */ = {isa = PBXFileReference; lastKnownFileType = sourcecode.swift; path = PokedexTests.swift; sourceTree = "<group>"; };
		6358DC2A23319C0B00457D24 /* Info.plist */ = {isa = PBXFileReference; lastKnownFileType = text.plist.xml; path = Info.plist; sourceTree = "<group>"; };
		6358DC2F23319C0B00457D24 /* PokedexUITests.xctest */ = {isa = PBXFileReference; explicitFileType = wrapper.cfbundle; includeInIndex = 0; path = PokedexUITests.xctest; sourceTree = BUILT_PRODUCTS_DIR; };
		6358DC3323319C0B00457D24 /* PokedexUITests.swift */ = {isa = PBXFileReference; lastKnownFileType = sourcecode.swift; path = PokedexUITests.swift; sourceTree = "<group>"; };
		6358DC3523319C0B00457D24 /* Info.plist */ = {isa = PBXFileReference; lastKnownFileType = text.plist.xml; path = Info.plist; sourceTree = "<group>"; };
/* End PBXFileReference section */

/* Begin PBXFrameworksBuildPhase section */
		6358DC0D23319C0700457D24 /* Frameworks */ = {
			isa = PBXFrameworksBuildPhase;
			buildActionMask = 2147483647;
			files = (
				6343FFA423442BB300E9D58D /* SDWebImage.framework in Frameworks */,
				6343FFA023442BA800E9D58D /* SwiftyJSON.framework in Frameworks */,
			);
			runOnlyForDeploymentPostprocessing = 0;
		};
		6358DC2123319C0B00457D24 /* Frameworks */ = {
			isa = PBXFrameworksBuildPhase;
			buildActionMask = 2147483647;
			files = (
			);
			runOnlyForDeploymentPostprocessing = 0;
		};
		6358DC2C23319C0B00457D24 /* Frameworks */ = {
			isa = PBXFrameworksBuildPhase;
			buildActionMask = 2147483647;
			files = (
			);
			runOnlyForDeploymentPostprocessing = 0;
		};
/* End PBXFrameworksBuildPhase section */

/* Begin PBXGroup section */
		6343FF9E23442BA700E9D58D /* Frameworks */ = {
			isa = PBXGroup;
			children = (
				6343FFA323442BB300E9D58D /* SDWebImage.framework */,
				6343FF9F23442BA800E9D58D /* SwiftyJSON.framework */,
			);
			name = Frameworks;
			sourceTree = "<group>";
		};
		6358DC0723319C0700457D24 = {
			isa = PBXGroup;
			children = (
				6358DC1223319C0700457D24 /* Pokedex */,
				6358DC2723319C0B00457D24 /* PokedexTests */,
				6358DC3223319C0B00457D24 /* PokedexUITests */,
				6358DC1123319C0700457D24 /* Products */,
				6343FF9E23442BA700E9D58D /* Frameworks */,
			);
			sourceTree = "<group>";
		};
		6358DC1123319C0700457D24 /* Products */ = {
			isa = PBXGroup;
			children = (
				6358DC1023319C0700457D24 /* Pokedex.app */,
				6358DC2423319C0B00457D24 /* PokedexTests.xctest */,
				6358DC2F23319C0B00457D24 /* PokedexUITests.xctest */,
			);
			name = Products;
			sourceTree = "<group>";
		};
		6358DC1223319C0700457D24 /* Pokedex */ = {
			isa = PBXGroup;
			children = (
				63469BE0234D3CAA00F14A30 /* pokemon.json */,
				6358DC1323319C0700457D24 /* AppDelegate.swift */,
				6358DC1523319C0700457D24 /* ViewController.swift */,
				6345A52D233D8EF2008E63D8 /* ListaCollectionViewController.swift */,
				6358DC1723319C0700457D24 /* Main.storyboard */,
				6358DC1A23319C0A00457D24 /* Assets.xcassets */,
				6358DC1C23319C0A00457D24 /* LaunchScreen.storyboard */,
				6358DC1F23319C0A00457D24 /* Info.plist */,
				6345A52F233D9071008E63D8 /* PokemonCollectionViewCell.swift */,
				6343FFA82344346100E9D58D /* LoginViewController.swift */,
			);
			path = Pokedex;
			sourceTree = "<group>";
		};
		6358DC2723319C0B00457D24 /* PokedexTests */ = {
			isa = PBXGroup;
			children = (
				6358DC2823319C0B00457D24 /* PokedexTests.swift */,
				6358DC2A23319C0B00457D24 /* Info.plist */,
			);
			path = PokedexTests;
			sourceTree = "<group>";
		};
		6358DC3223319C0B00457D24 /* PokedexUITests */ = {
			isa = PBXGroup;
			children = (
				6358DC3323319C0B00457D24 /* PokedexUITests.swift */,
				6358DC3523319C0B00457D24 /* Info.plist */,
			);
			path = PokedexUITests;
			sourceTree = "<group>";
		};
/* End PBXGroup section */

/* Begin PBXNativeTarget section */
		6358DC0F23319C0700457D24 /* Pokedex */ = {
			isa = PBXNativeTarget;
			buildConfigurationList = 6358DC3823319C0B00457D24 /* Build configuration list for PBXNativeTarget "Pokedex" */;
			buildPhases = (
				6358DC0C23319C0700457D24 /* Sources */,
				6358DC0D23319C0700457D24 /* Frameworks */,
				6358DC0E23319C0700457D24 /* Resources */,
				6343FF9D2344285A00E9D58D /* ShellScript */,
				6343FFA223442BA800E9D58D /* Embed Frameworks */,
			);
			buildRules = (
			);
			dependencies = (
			);
			name = Pokedex;
			productName = Pokedex;
			productReference = 6358DC1023319C0700457D24 /* Pokedex.app */;
			productType = "com.apple.product-type.application";
		};
		6358DC2323319C0B00457D24 /* PokedexTests */ = {
			isa = PBXNativeTarget;
			buildConfigurationList = 6358DC3B23319C0B00457D24 /* Build configuration list for PBXNativeTarget "PokedexTests" */;
			buildPhases = (
				6358DC2023319C0B00457D24 /* Sources */,
				6358DC2123319C0B00457D24 /* Frameworks */,
				6358DC2223319C0B00457D24 /* Resources */,
			);
			buildRules = (
			);
			dependencies = (
				6358DC2623319C0B00457D24 /* PBXTargetDependency */,
			);
			name = PokedexTests;
			productName = PokedexTests;
			productReference = 6358DC2423319C0B00457D24 /* PokedexTests.xctest */;
			productType = "com.apple.product-type.bundle.unit-test";
		};
		6358DC2E23319C0B00457D24 /* PokedexUITests */ = {
			isa = PBXNativeTarget;
			buildConfigurationList = 6358DC3E23319C0B00457D24 /* Build configuration list for PBXNativeTarget "PokedexUITests" */;
			buildPhases = (
				6358DC2B23319C0B00457D24 /* Sources */,
				6358DC2C23319C0B00457D24 /* Frameworks */,
				6358DC2D23319C0B00457D24 /* Resources */,
			);
			buildRules = (
			);
			dependencies = (
				6358DC3123319C0B00457D24 /* PBXTargetDependency */,
			);
			name = PokedexUITests;
			productName = PokedexUITests;
			productReference = 6358DC2F23319C0B00457D24 /* PokedexUITests.xctest */;
			productType = "com.apple.product-type.bundle.ui-testing";
		};
/* End PBXNativeTarget section */

/* Begin PBXProject section */
		6358DC0823319C0700457D24 /* Project object */ = {
			isa = PBXProject;
			attributes = {
				LastSwiftUpdateCheck = 1030;
				LastUpgradeCheck = 1030;
				ORGANIZATIONNAME = Cliente;
				TargetAttributes = {
					6358DC0F23319C0700457D24 = {
						CreatedOnToolsVersion = 10.3;
					};
					6358DC2323319C0B00457D24 = {
						CreatedOnToolsVersion = 10.3;
						TestTargetID = 6358DC0F23319C0700457D24;
					};
					6358DC2E23319C0B00457D24 = {
						CreatedOnToolsVersion = 10.3;
						TestTargetID = 6358DC0F23319C0700457D24;
					};
				};
			};
			buildConfigurationList = 6358DC0B23319C0700457D24 /* Build configuration list for PBXProject "Pokedex" */;
			compatibilityVersion = "Xcode 9.3";
			developmentRegion = en;
			hasScannedForEncodings = 0;
			knownRegions = (
				en,
				Base,
			);
			mainGroup = 6358DC0723319C0700457D24;
			productRefGroup = 6358DC1123319C0700457D24 /* Products */;
			projectDirPath = "";
			projectRoot = "";
			targets = (
				6358DC0F23319C0700457D24 /* Pokedex */,
				6358DC2323319C0B00457D24 /* PokedexTests */,
				6358DC2E23319C0B00457D24 /* PokedexUITests */,
			);
		};
/* End PBXProject section */

/* Begin PBXResourcesBuildPhase section */
		6358DC0E23319C0700457D24 /* Resources */ = {
			isa = PBXResourcesBuildPhase;
			buildActionMask = 2147483647;
			files = (
				6358DC1E23319C0A00457D24 /* LaunchScreen.storyboard in Resources */,
				63469BE1234D3CAA00F14A30 /* pokemon.json in Resources */,
				6358DC1B23319C0A00457D24 /* Assets.xcassets in Resources */,
				6358DC1923319C0700457D24 /* Main.storyboard in Resources */,
			);
			runOnlyForDeploymentPostprocessing = 0;
		};
		6358DC2223319C0B00457D24 /* Resources */ = {
			isa = PBXResourcesBuildPhase;
			buildActionMask = 2147483647;
			files = (
			);
			runOnlyForDeploymentPostprocessing = 0;
		};
		6358DC2D23319C0B00457D24 /* Resources */ = {
			isa = PBXResourcesBuildPhase;
			buildActionMask = 2147483647;
			files = (
			);
			runOnlyForDeploymentPostprocessing = 0;
		};
/* End PBXResourcesBuildPhase section */

/* Begin PBXShellScriptBuildPhase section */
		6343FF9D2344285A00E9D58D /* ShellScript */ = {
			isa = PBXShellScriptBuildPhase;
			buildActionMask = 2147483647;
			files = (
			);
			inputFileListPaths = (
			);
			inputPaths = (
				"$(SRCROOT)/Carthage/Build/iOS/SwiftyJSON.framework",
				"$(SRCROOT)/Carthage/Build/iOS/SDWebImage.framework",
			);
			outputFileListPaths = (
			);
			outputPaths = (
				"$(BUILT_PRODUCTS_DIR)/$(FRAMEWORKS_FOLDER_PATH)/SwiftyJSON.framework",
				"$(BUILT_PRODUCTS_DIR)/$(FRAMEWORKS_FOLDER_PATH)/SDWebImage.framework",
			);
			runOnlyForDeploymentPostprocessing = 0;
			shellPath = /bin/sh;
			shellScript = "# Type a script or drag a script file from your workspace to insert its path.\n/usr/local/bin/carthage copy-frameworks\n";
		};
/* End PBXShellScriptBuildPhase section */

/* Begin PBXSourcesBuildPhase section */
		6358DC0C23319C0700457D24 /* Sources */ = {
			isa = PBXSourcesBuildPhase;
			buildActionMask = 2147483647;
			files = (
				6358DC1623319C0700457D24 /* ViewController.swift in Sources */,
				6345A52E233D8EF2008E63D8 /* ListaCollectionViewController.swift in Sources */,
				6345A530233D9071008E63D8 /* PokemonCollectionViewCell.swift in Sources */,
				6343FFA92344346100E9D58D /* LoginViewController.swift in Sources */,
				6358DC1423319C0700457D24 /* AppDelegate.swift in Sources */,
			);
			runOnlyForDeploymentPostprocessing = 0;
		};
		6358DC2023319C0B00457D24 /* Sources */ = {
			isa = PBXSourcesBuildPhase;
			buildActionMask = 2147483647;
			files = (
				6358DC2923319C0B00457D24 /* PokedexTests.swift in Sources */,
			);
			runOnlyForDeploymentPostprocessing = 0;
		};
		6358DC2B23319C0B00457D24 /* Sources */ = {
			isa = PBXSourcesBuildPhase;
			buildActionMask = 2147483647;
			files = (
				6358DC3423319C0B00457D24 /* PokedexUITests.swift in Sources */,
			);
			runOnlyForDeploymentPostprocessing = 0;
		};
/* End PBXSourcesBuildPhase section */

/* Begin PBXTargetDependency section */
		6358DC2623319C0B00457D24 /* PBXTargetDependency */ = {
			isa = PBXTargetDependency;
			target = 6358DC0F23319C0700457D24 /* Pokedex */;
			targetProxy = 6358DC2523319C0B00457D24 /* PBXContainerItemProxy */;
		};
		6358DC3123319C0B00457D24 /* PBXTargetDependency */ = {
			isa = PBXTargetDependency;
			target = 6358DC0F23319C0700457D24 /* Pokedex */;
			targetProxy = 6358DC3023319C0B00457D24 /* PBXContainerItemProxy */;
		};
/* End PBXTargetDependency section */

/* Begin PBXVariantGroup section */
		6358DC1723319C0700457D24 /* Main.storyboard */ = {
			isa = PBXVariantGroup;
			children = (
				6358DC1823319C0700457D24 /* Base */,
			);
			name = Main.storyboard;
			sourceTree = "<group>";
		};
		6358DC1C23319C0A00457D24 /* LaunchScreen.storyboard */ = {
			isa = PBXVariantGroup;
			children = (
				6358DC1D23319C0A00457D24 /* Base */,
			);
			name = LaunchScreen.storyboard;
			sourceTree = "<group>";
		};
/* End PBXVariantGroup section */

/* Begin XCBuildConfiguration section */
		6358DC3623319C0B00457D24 /* Debug */ = {
			isa = XCBuildConfiguration;
			buildSettings = {
				ALWAYS_SEARCH_USER_PATHS = NO;
				CLANG_ANALYZER_NONNULL = YES;
				CLANG_ANALYZER_NUMBER_OBJECT_CONVERSION = YES_AGGRESSIVE;
				CLANG_CXX_LANGUAGE_STANDARD = "gnu++14";
				CLANG_CXX_LIBRARY = "libc++";
				CLANG_ENABLE_MODULES = YES;
				CLANG_ENABLE_OBJC_ARC = YES;
				CLANG_ENABLE_OBJC_WEAK = YES;
				CLANG_WARN_BLOCK_CAPTURE_AUTORELEASING = YES;
				CLANG_WARN_BOOL_CONVERSION = YES;
				CLANG_WARN_COMMA = YES;
				CLANG_WARN_CONSTANT_CONVERSION = YES;
				CLANG_WARN_DEPRECATED_OBJC_IMPLEMENTATIONS = YES;
				CLANG_WARN_DIRECT_OBJC_ISA_USAGE = YES_ERROR;
				CLANG_WARN_DOCUMENTATION_COMMENTS = YES;
				CLANG_WARN_EMPTY_BODY = YES;
				CLANG_WARN_ENUM_CONVERSION = YES;
				CLANG_WARN_INFINITE_RECURSION = YES;
				CLANG_WARN_INT_CONVERSION = YES;
				CLANG_WARN_NON_LITERAL_NULL_CONVERSION = YES;
				CLANG_WARN_OBJC_IMPLICIT_RETAIN_SELF = YES;
				CLANG_WARN_OBJC_LITERAL_CONVERSION = YES;
				CLANG_WARN_OBJC_ROOT_CLASS = YES_ERROR;
				CLANG_WARN_RANGE_LOOP_ANALYSIS = YES;
				CLANG_WARN_STRICT_PROTOTYPES = YES;
				CLANG_WARN_SUSPICIOUS_MOVE = YES;
				CLANG_WARN_UNGUARDED_AVAILABILITY = YES_AGGRESSIVE;
				CLANG_WARN_UNREACHABLE_CODE = YES;
				CLANG_WARN__DUPLICATE_METHOD_MATCH = YES;
				CODE_SIGN_IDENTITY = "iPhone Developer";
				COPY_PHASE_STRIP = NO;
				DEBUG_INFORMATION_FORMAT = dwarf;
				ENABLE_STRICT_OBJC_MSGSEND = YES;
				ENABLE_TESTABILITY = YES;
				GCC_C_LANGUAGE_STANDARD = gnu11;
				GCC_DYNAMIC_NO_PIC = NO;
				GCC_NO_COMMON_BLOCKS = YES;
				GCC_OPTIMIZATION_LEVEL = 0;
				GCC_PREPROCESSOR_DEFINITIONS = (
					"DEBUG=1",
					"$(inherited)",
				);
				GCC_WARN_64_TO_32_BIT_CONVERSION = YES;
				GCC_WARN_ABOUT_RETURN_TYPE = YES_ERROR;
				GCC_WARN_UNDECLARED_SELECTOR = YES;
				GCC_WARN_UNINITIALIZED_AUTOS = YES_AGGRESSIVE;
				GCC_WARN_UNUSED_FUNCTION = YES;
				GCC_WARN_UNUSED_VARIABLE = YES;
				IPHONEOS_DEPLOYMENT_TARGET = 12.4;
				MTL_ENABLE_DEBUG_INFO = INCLUDE_SOURCE;
				MTL_FAST_MATH = YES;
				ONLY_ACTIVE_ARCH = YES;
				SDKROOT = iphoneos;
				SWIFT_ACTIVE_COMPILATION_CONDITIONS = DEBUG;
				SWIFT_OPTIMIZATION_LEVEL = "-Onone";
			};
			name = Debug;
		};
		6358DC3723319C0B00457D24 /* Release */ = {
			isa = XCBuildConfiguration;
			buildSettings = {
				ALWAYS_SEARCH_USER_PATHS = NO;
				CLANG_ANALYZER_NONNULL = YES;
				CLANG_ANALYZER_NUMBER_OBJECT_CONVERSION = YES_AGGRESSIVE;
				CLANG_CXX_LANGUAGE_STANDARD = "gnu++14";
				CLANG_CXX_LIBRARY = "libc++";
				CLANG_ENABLE_MODULES = YES;
				CLANG_ENABLE_OBJC_ARC = YES;
				CLANG_ENABLE_OBJC_WEAK = YES;
				CLANG_WARN_BLOCK_CAPTURE_AUTORELEASING = YES;
				CLANG_WARN_BOOL_CONVERSION = YES;
				CLANG_WARN_COMMA = YES;
				CLANG_WARN_CONSTANT_CONVERSION = YES;
				CLANG_WARN_DEPRECATED_OBJC_IMPLEMENTATIONS = YES;
				CLANG_WARN_DIRECT_OBJC_ISA_USAGE = YES_ERROR;
				CLANG_WARN_DOCUMENTATION_COMMENTS = YES;
				CLANG_WARN_EMPTY_BODY = YES;
				CLANG_WARN_ENUM_CONVERSION = YES;
				CLANG_WARN_INFINITE_RECURSION = YES;
				CLANG_WARN_INT_CONVERSION = YES;
				CLANG_WARN_NON_LITERAL_NULL_CONVERSION = YES;
				CLANG_WARN_OBJC_IMPLICIT_RETAIN_SELF = YES;
				CLANG_WARN_OBJC_LITERAL_CONVERSION = YES;
				CLANG_WARN_OBJC_ROOT_CLASS = YES_ERROR;
				CLANG_WARN_RANGE_LOOP_ANALYSIS = YES;
				CLANG_WARN_STRICT_PROTOTYPES = YES;
				CLANG_WARN_SUSPICIOUS_MOVE = YES;
				CLANG_WARN_UNGUARDED_AVAILABILITY = YES_AGGRESSIVE;
				CLANG_WARN_UNREACHABLE_CODE = YES;
				CLANG_WARN__DUPLICATE_METHOD_MATCH = YES;
				CODE_SIGN_IDENTITY = "iPhone Developer";
				COPY_PHASE_STRIP = NO;
				DEBUG_INFORMATION_FORMAT = "dwarf-with-dsym";
				ENABLE_NS_ASSERTIONS = NO;
				ENABLE_STRICT_OBJC_MSGSEND = YES;
				GCC_C_LANGUAGE_STANDARD = gnu11;
				GCC_NO_COMMON_BLOCKS = YES;
				GCC_WARN_64_TO_32_BIT_CONVERSION = YES;
				GCC_WARN_ABOUT_RETURN_TYPE = YES_ERROR;
				GCC_WARN_UNDECLARED_SELECTOR = YES;
				GCC_WARN_UNINITIALIZED_AUTOS = YES_AGGRESSIVE;
				GCC_WARN_UNUSED_FUNCTION = YES;
				GCC_WARN_UNUSED_VARIABLE = YES;
				IPHONEOS_DEPLOYMENT_TARGET = 12.4;
				MTL_ENABLE_DEBUG_INFO = NO;
				MTL_FAST_MATH = YES;
				SDKROOT = iphoneos;
				SWIFT_COMPILATION_MODE = wholemodule;
				SWIFT_OPTIMIZATION_LEVEL = "-O";
				VALIDATE_PRODUCT = YES;
			};
			name = Release;
		};
		6358DC3923319C0B00457D24 /* Debug */ = {
			isa = XCBuildConfiguration;
			buildSettings = {
				ASSETCATALOG_COMPILER_APPICON_NAME = AppIcon;
				CODE_SIGN_IDENTITY = "iPhone Developer";
				CODE_SIGN_STYLE = Automatic;
				DEVELOPMENT_TEAM = 5N4MAZ49LX;
				FRAMEWORK_SEARCH_PATHS = (
					"$(inherited)",
					"$(PROJECT_DIR)/Carthage/Build/iOS",
				);
				INFOPLIST_FILE = Pokedex/Info.plist;
				IPHONEOS_DEPLOYMENT_TARGET = 10.0;
				LD_RUNPATH_SEARCH_PATHS = (
					"$(inherited)",
					"@executable_path/Frameworks",
				);
				PRODUCT_BUNDLE_IDENTIFIER = com.cliente.Pokedex;
				PRODUCT_NAME = "$(TARGET_NAME)";
				PROVISIONING_PROFILE_SPECIFIER = "";
				SWIFT_VERSION = 5.0;
				TARGETED_DEVICE_FAMILY = 1;
			};
			name = Debug;
		};
		6358DC3A23319C0B00457D24 /* Release */ = {
			isa = XCBuildConfiguration;
			buildSettings = {
				ASSETCATALOG_COMPILER_APPICON_NAME = AppIcon;
				CODE_SIGN_IDENTITY = "iPhone Developer";
				CODE_SIGN_STYLE = Automatic;
				DEVELOPMENT_TEAM = 5N4MAZ49LX;
				FRAMEWORK_SEARCH_PATHS = (
					"$(inherited)",
					"$(PROJECT_DIR)/Carthage/Build/iOS",
				);
				INFOPLIST_FILE = Pokedex/Info.plist;
				IPHONEOS_DEPLOYMENT_TARGET = 10.0;
				LD_RUNPATH_SEARCH_PATHS = (
					"$(inherited)",
					"@executable_path/Frameworks",
				);
				PRODUCT_BUNDLE_IDENTIFIER = com.cliente.Pokedex;
				PRODUCT_NAME = "$(TARGET_NAME)";
				PROVISIONING_PROFILE_SPECIFIER = "";
				SWIFT_VERSION = 5.0;
				TARGETED_DEVICE_FAMILY = 1;
			};
			name = Release;
		};
		6358DC3C23319C0B00457D24 /* Debug */ = {
			isa = XCBuildConfiguration;
			buildSettings = {
				ALWAYS_EMBED_SWIFT_STANDARD_LIBRARIES = YES;
				BUNDLE_LOADER = "$(TEST_HOST)";
				CODE_SIGN_STYLE = Automatic;
				DEVELOPMENT_TEAM = 5N4MAZ49LX;
				INFOPLIST_FILE = PokedexTests/Info.plist;
				LD_RUNPATH_SEARCH_PATHS = (
					"$(inherited)",
					"@executable_path/Frameworks",
					"@loader_path/Frameworks",
				);
				PRODUCT_BUNDLE_IDENTIFIER = com.cliente.PokedexTests;
				PRODUCT_NAME = "$(TARGET_NAME)";
				SWIFT_VERSION = 5.0;
				TARGETED_DEVICE_FAMILY = "1,2";
				TEST_HOST = "$(BUILT_PRODUCTS_DIR)/Pokedex.app/Pokedex";
			};
			name = Debug;
		};
		6358DC3D23319C0B00457D24 /* Release */ = {
			isa = XCBuildConfiguration;
			buildSettings = {
				ALWAYS_EMBED_SWIFT_STANDARD_LIBRARIES = YES;
				BUNDLE_LOADER = "$(TEST_HOST)";
				CODE_SIGN_STYLE = Automatic;
				DEVELOPMENT_TEAM = 5N4MAZ49LX;
				INFOPLIST_FILE = PokedexTests/Info.plist;
				LD_RUNPATH_SEARCH_PATHS = (
					"$(inherited)",
					"@executable_path/Frameworks",
					"@loader_path/Frameworks",
				);
				PRODUCT_BUNDLE_IDENTIFIER = com.cliente.PokedexTests;
				PRODUCT_NAME = "$(TARGET_NAME)";
				SWIFT_VERSION = 5.0;
				TARGETED_DEVICE_FAMILY = "1,2";
				TEST_HOST = "$(BUILT_PRODUCTS_DIR)/Pokedex.app/Pokedex";
			};
			name = Release;
		};
		6358DC3F23319C0B00457D24 /* Debug */ = {
			isa = XCBuildConfiguration;
			buildSettings = {
				ALWAYS_EMBED_SWIFT_STANDARD_LIBRARIES = YES;
				CODE_SIGN_STYLE = Automatic;
				DEVELOPMENT_TEAM = 5N4MAZ49LX;
				INFOPLIST_FILE = PokedexUITests/Info.plist;
				LD_RUNPATH_SEARCH_PATHS = (
					"$(inherited)",
					"@executable_path/Frameworks",
					"@loader_path/Frameworks",
				);
				PRODUCT_BUNDLE_IDENTIFIER = com.cliente.PokedexUITests;
				PRODUCT_NAME = "$(TARGET_NAME)";
				SWIFT_VERSION = 5.0;
				TARGETED_DEVICE_FAMILY = "1,2";
				TEST_TARGET_NAME = Pokedex;
			};
			name = Debug;
		};
		6358DC4023319C0B00457D24 /* Release */ = {
			isa = XCBuildConfiguration;
			buildSettings = {
				ALWAYS_EMBED_SWIFT_STANDARD_LIBRARIES = YES;
				CODE_SIGN_STYLE = Automatic;
				DEVELOPMENT_TEAM = 5N4MAZ49LX;
				INFOPLIST_FILE = PokedexUITests/Info.plist;
				LD_RUNPATH_SEARCH_PATHS = (
					"$(inherited)",
					"@executable_path/Frameworks",
					"@loader_path/Frameworks",
				);
				PRODUCT_BUNDLE_IDENTIFIER = com.cliente.PokedexUITests;
				PRODUCT_NAME = "$(TARGET_NAME)";
				SWIFT_VERSION = 5.0;
				TARGETED_DEVICE_FAMILY = "1,2";
				TEST_TARGET_NAME = Pokedex;
			};
			name = Release;
		};
/* End XCBuildConfiguration section */

/* Begin XCConfigurationList section */
		6358DC0B23319C0700457D24 /* Build configuration list for PBXProject "Pokedex" */ = {
			isa = XCConfigurationList;
			buildConfigurations = (
				6358DC3623319C0B00457D24 /* Debug */,
				6358DC3723319C0B00457D24 /* Release */,
			);
			defaultConfigurationIsVisible = 0;
			defaultConfigurationName = Release;
		};
		6358DC3823319C0B00457D24 /* Build configuration list for PBXNativeTarget "Pokedex" */ = {
			isa = XCConfigurationList;
			buildConfigurations = (
				6358DC3923319C0B00457D24 /* Debug */,
				6358DC3A23319C0B00457D24 /* Release */,
			);
			defaultConfigurationIsVisible = 0;
			defaultConfigurationName = Release;
		};
		6358DC3B23319C0B00457D24 /* Build configuration list for PBXNativeTarget "PokedexTests" */ = {
			isa = XCConfigurationList;
			buildConfigurations = (
				6358DC3C23319C0B00457D24 /* Debug */,
				6358DC3D23319C0B00457D24 /* Release */,
			);
			defaultConfigurationIsVisible = 0;
			defaultConfigurationName = Release;
		};
		6358DC3E23319C0B00457D24 /* Build configuration list for PBXNativeTarget "PokedexUITests" */ = {
			isa = XCConfigurationList;
			buildConfigurations = (
				6358DC3F23319C0B00457D24 /* Debug */,
				6358DC4023319C0B00457D24 /* Release */,
			);
			defaultConfigurationIsVisible = 0;
			defaultConfigurationName = Release;
		};
/* End XCConfigurationList section */
	};
	rootObject = 6358DC0823319C0700457D24 /* Project object */;
}
